
Microsoft Visual Studio Solution File, Format Version 12.00
# Visual Studio 15
Project("{FAE04EC0-301F-11D3-BF4B-00C04F79EFBC}") = "Pilots.Statistics", "Pilots.Statistics\Pilots.Statistics.csproj", "{8E52F65F-200D-4B3F-B419-3FAA443D6E28}"
EndProject
Global
	GlobalSection(SolutionConfigurationPlatforms) = preSolution
		Debug|Any CPU = Debug|Any CPU
		Release|Any CPU = Release|Any CPU
	EndGlobalSection
	GlobalSection(ProjectConfigurationPlatforms) = postSolution
		{8E52F65F-200D-4B3F-B419-3FAA443D6E28}.Debug|Any CPU.ActiveCfg = Debug|Any CPU
		{8E52F65F-200D-4B3F-B419-3FAA443D6E28}.Debug|Any CPU.Build.0 = Debug|Any CPU
		{8E52F65F-200D-4B3F-B419-3FAA443D6E28}.Release|Any CPU.ActiveCfg = Release|Any CPU
		{8E52F65F-200D-4B3F-B419-3FAA443D6E28}.Release|Any CPU.Build.0 = Release|Any CPU
	EndGlobalSection
EndGlobal
